
Microsoft Visual Studio Solution File, Format Version 12.00
# Visual Studio Version 17
VisualStudioVersion = 17.10.35027.167
MinimumVisualStudioVersion = 10.0.40219.1
Project("{FAE04EC0-301F-11D3-BF4B-00C04F79EFBC}") = "Car_UP2", "Car_UP2\Car_UP2.csproj", "{B848596C-2338-4118-8F04-28D05F27C63F}"
EndProject
Global
	GlobalSection(SolutionConfigurationPlatforms) = preSolution
		Debug|Any CPU = Debug|Any CPU
		Release|Any CPU = Release|Any CPU
	EndGlobalSection
	GlobalSection(ProjectConfigurationPlatforms) = postSolution
		{B848596C-2338-4118-8F04-28D05F27C63F}.Debug|Any CPU.ActiveCfg = Debug|Any CPU
		{B848596C-2338-4118-8F04-28D05F27C63F}.Debug|Any CPU.Build.0 = Debug|Any CPU
		{B848596C-2338-4118-8F04-28D05F27C63F}.Release|Any CPU.ActiveCfg = Release|Any CPU
		{B848596C-2338-4118-8F04-28D05F27C63F}.Release|Any CPU.Build.0 = Release|Any CPU
	EndGlobalSection
	GlobalSection(SolutionProperties) = preSolution
		HideSolutionNode = FALSE
	EndGlobalSection
	GlobalSection(ExtensibilityGlobals) = postSolution
		SolutionGuid = {7E03446F-6E51-43DA-8FD7-B24C46B94F2B}
	EndGlobalSection
EndGlobal
